
Microsoft Visual Studio Solution File, Format Version 12.00
# Visual Studio Version 17
VisualStudioVersion = 17.4.33213.308
MinimumVisualStudioVersion = 10.0.40219.1
Project("{FAE04EC0-301F-11D3-BF4B-00C04F79EFBC}") = "Task1", "Task1\Task1.csproj", "{75F93D89-1FCB-4827-8471-1A0123A7E89E}"
EndProject
Global
	GlobalSection(SolutionConfigurationPlatforms) = preSolution
		Debug|Any CPU = Debug|Any CPU
		Release|Any CPU = Release|Any CPU
	EndGlobalSection
	GlobalSection(ProjectConfigurationPlatforms) = postSolution
		{75F93D89-1FCB-4827-8471-1A0123A7E89E}.Debug|Any CPU.ActiveCfg = Debug|Any CPU
		{75F93D89-1FCB-4827-8471-1A0123A7E89E}.Debug|Any CPU.Build.0 = Debug|Any CPU
		{75F93D89-1FCB-4827-8471-1A0123A7E89E}.Release|Any CPU.ActiveCfg = Release|Any CPU
		{75F93D89-1FCB-4827-8471-1A0123A7E89E}.Release|Any CPU.Build.0 = Release|Any CPU
	EndGlobalSection
	GlobalSection(SolutionProperties) = preSolution
		HideSolutionNode = FALSE
	EndGlobalSection
	GlobalSection(ExtensibilityGlobals) = postSolution
		SolutionGuid = {ADB08B09-5FAA-4451-B8E4-1047A0E92DAC}
	EndGlobalSection
EndGlobal
